
Microsoft Visual Studio Solution File, Format Version 12.00
# Visual Studio Version 16
VisualStudioVersion = 16.0.30804.86
MinimumVisualStudioVersion = 10.0.40219.1
Project("{00D1A9C2-B5F0-4AF3-8072-F6C62B433612}") = "RMData", "RMData\RMData.sqlproj", "{60EE5A05-938E-4969-932C-F379FCF5A6B8}"
EndProject
Project("{9A19103F-16F7-4668-BE54-9A1E7A4F7556}") = "RMDesktopUi", "RMDesktopUi\RMDesktopUi.csproj", "{42CA304C-15AA-4901-9407-993F565ACC2A}"
EndProject
Project("{9A19103F-16F7-4668-BE54-9A1E7A4F7556}") = "RMDataManager.Library", "RMDataManager.Library\RMDataManager.Library.csproj", "{D88431B2-5A10-4F19-92D7-F1E5B223B50E}"
EndProject
Project("{9A19103F-16F7-4668-BE54-9A1E7A4F7556}") = "RMDesktopUI.Library", "RMDesktopUI.Library\RMDesktopUI.Library.csproj", "{5A688F14-6552-41FA-818B-A699B1F1A96E}"
EndProject
Project("{2150E333-8FDC-42A3-9474-1A3956D46DE8}") = "DataBase", "DataBase", "{8B43B73A-13D7-4DEF-B17D-912AD7F589C1}"
EndProject
Project("{2150E333-8FDC-42A3-9474-1A3956D46DE8}") = "API", "API", "{B2349E09-61B0-49EC-9186-58BE42E5782F}"
EndProject
Project("{2150E333-8FDC-42A3-9474-1A3956D46DE8}") = "WPF", "WPF", "{B9C53AC6-9F4A-40D6-8D66-9AD96CA14E81}"
EndProject
Project("{9A19103F-16F7-4668-BE54-9A1E7A4F7556}") = "RMApi", "RMApi\RMApi.csproj", "{384433F7-88D4-48F6-BAF8-2E94D7C9F865}"
EndProject
Project("{2150E333-8FDC-42A3-9474-1A3956D46DE8}") = "Solution Items", "Solution Items", "{0B8C8126-BEA3-4A0C-BA47-3C53B31693D8}"
	ProjectSection(SolutionItems) = preProject
		RoadMap.txt = RoadMap.txt
	EndProjectSection
EndProject
Project("{2150E333-8FDC-42A3-9474-1A3956D46DE8}") = "WebApps", "WebApps", "{1F13ED0C-4906-4CF5-AD95-EC42E0C473F5}"
EndProject
Project("{9A19103F-16F7-4668-BE54-9A1E7A4F7556}") = "Portal", "Portal\Portal.csproj", "{FFA59A0A-8594-4F16-BF4B-B44C06B99A38}"
EndProject
Global
	GlobalSection(SolutionConfigurationPlatforms) = preSolution
		Debug|Any CPU = Debug|Any CPU
		Release|Any CPU = Release|Any CPU
	EndGlobalSection
	GlobalSection(ProjectConfigurationPlatforms) = postSolution
		{60EE5A05-938E-4969-932C-F379FCF5A6B8}.Debug|Any CPU.ActiveCfg = Debug|Any CPU
		{60EE5A05-938E-4969-932C-F379FCF5A6B8}.Debug|Any CPU.Build.0 = Debug|Any CPU
		{60EE5A05-938E-4969-932C-F379FCF5A6B8}.Debug|Any CPU.Deploy.0 = Debug|Any CPU
		{60EE5A05-938E-4969-932C-F379FCF5A6B8}.Release|Any CPU.ActiveCfg = Release|Any CPU
		{60EE5A05-938E-4969-932C-F379FCF5A6B8}.Release|Any CPU.Build.0 = Release|Any CPU
		{60EE5A05-938E-4969-932C-F379FCF5A6B8}.Release|Any CPU.Deploy.0 = Release|Any CPU
		{42CA304C-15AA-4901-9407-993F565ACC2A}.Debug|Any CPU.ActiveCfg = Debug|Any CPU
		{42CA304C-15AA-4901-9407-993F565ACC2A}.Debug|Any CPU.Build.0 = Debug|Any CPU
		{42CA304C-15AA-4901-9407-993F565ACC2A}.Release|Any CPU.ActiveCfg = Release|Any CPU
		{42CA304C-15AA-4901-9407-993F565ACC2A}.Release|Any CPU.Build.0 = Release|Any CPU
		{D88431B2-5A10-4F19-92D7-F1E5B223B50E}.Debug|Any CPU.ActiveCfg = Debug|Any CPU
		{D88431B2-5A10-4F19-92D7-F1E5B223B50E}.Debug|Any CPU.Build.0 = Debug|Any CPU
		{D88431B2-5A10-4F19-92D7-F1E5B223B50E}.Release|Any CPU.ActiveCfg = Release|Any CPU
		{D88431B2-5A10-4F19-92D7-F1E5B223B50E}.Release|Any CPU.Build.0 = Release|Any CPU
		{5A688F14-6552-41FA-818B-A699B1F1A96E}.Debug|Any CPU.ActiveCfg = Debug|Any CPU
		{5A688F14-6552-41FA-818B-A699B1F1A96E}.Debug|Any CPU.Build.0 = Debug|Any CPU
		{5A688F14-6552-41FA-818B-A699B1F1A96E}.Release|Any CPU.ActiveCfg = Release|Any CPU
		{5A688F14-6552-41FA-818B-A699B1F1A96E}.Release|Any CPU.Build.0 = Release|Any CPU
		{384433F7-88D4-48F6-BAF8-2E94D7C9F865}.Debug|Any CPU.ActiveCfg = Debug|Any CPU
		{384433F7-88D4-48F6-BAF8-2E94D7C9F865}.Debug|Any CPU.Build.0 = Debug|Any CPU
		{384433F7-88D4-48F6-BAF8-2E94D7C9F865}.Release|Any CPU.ActiveCfg = Release|Any CPU
		{384433F7-88D4-48F6-BAF8-2E94D7C9F865}.Release|Any CPU.Build.0 = Release|Any CPU
		{FFA59A0A-8594-4F16-BF4B-B44C06B99A38}.Debug|Any CPU.ActiveCfg = Debug|Any CPU
		{FFA59A0A-8594-4F16-BF4B-B44C06B99A38}.Debug|Any CPU.Build.0 = Debug|Any CPU
		{FFA59A0A-8594-4F16-BF4B-B44C06B99A38}.Release|Any CPU.ActiveCfg = Release|Any CPU
		{FFA59A0A-8594-4F16-BF4B-B44C06B99A38}.Release|Any CPU.Build.0 = Release|Any CPU
	EndGlobalSection
	GlobalSection(SolutionProperties) = preSolution
		HideSolutionNode = FALSE
	EndGlobalSection
	GlobalSection(NestedProjects) = preSolution
		{60EE5A05-938E-4969-932C-F379FCF5A6B8} = {8B43B73A-13D7-4DEF-B17D-912AD7F589C1}
		{42CA304C-15AA-4901-9407-993F565ACC2A} = {B9C53AC6-9F4A-40D6-8D66-9AD96CA14E81}
		{D88431B2-5A10-4F19-92D7-F1E5B223B50E} = {B2349E09-61B0-49EC-9186-58BE42E5782F}
		{5A688F14-6552-41FA-818B-A699B1F1A96E} = {B9C53AC6-9F4A-40D6-8D66-9AD96CA14E81}
		{384433F7-88D4-48F6-BAF8-2E94D7C9F865} = {B2349E09-61B0-49EC-9186-58BE42E5782F}
		{FFA59A0A-8594-4F16-BF4B-B44C06B99A38} = {1F13ED0C-4906-4CF5-AD95-EC42E0C473F5}
	EndGlobalSection
	GlobalSection(ExtensibilityGlobals) = postSolution
		SolutionGuid = {30268B19-2EBE-4915-92FA-0BCE9B6FA698}
	EndGlobalSection
EndGlobal
